
Microsoft Visual Studio Solution File, Format Version 12.00
# Visual Studio Version 16
VisualStudioVersion = 16.6.30114.105
MinimumVisualStudioVersion = 10.0.40219.1
Project("{FAE04EC0-301F-11D3-BF4B-00C04F79EFBC}") = "Catalog", "Catalog\Catalog.csproj", "{0D545855-0B93-436E-B212-08C367933089}"
EndProject
Project("{FAE04EC0-301F-11D3-BF4B-00C04F79EFBC}") = "OrderProcessing", "OrderProcessing\OrderProcessing.csproj", "{87AF4349-54CA-4EBB-B012-3D685E7C6D5D}"
EndProject
Project("{FAE04EC0-301F-11D3-BF4B-00C04F79EFBC}") = "Tester", "Tester\Tester.csproj", "{01078C7E-7C17-46AC-BA5F-39F627F6BC53}"
EndProject
Project("{FAE04EC0-301F-11D3-BF4B-00C04F79EFBC}") = "Banking", "Banking\Banking.csproj", "{72AD2AA3-A08B-49CE-9FEF-75BED3A8DD9F}"
EndProject
Project("{FAE04EC0-301F-11D3-BF4B-00C04F79EFBC}") = "PaymentProcessing", "PaymentProcessing\PaymentProcessing.csproj", "{9CBE0054-A8F4-435A-B336-CBF25A695976}"
EndProject
Project("{FAE04EC0-301F-11D3-BF4B-00C04F79EFBC}") = "Shipment", "Shipment\Shipment.csproj", "{BE762B41-F621-4E9D-8BC1-E7A856193958}"
EndProject
Project("{FAE04EC0-301F-11D3-BF4B-00C04F79EFBC}") = "ShoppingCart", "ShoppingCart\ShoppingCart.csproj", "{79F1D173-FC80-4E9D-92AF-40F02D998716}"
EndProject
Project("{FAE04EC0-301F-11D3-BF4B-00C04F79EFBC}") = "HandlerTest", "HandlerTest\HandlerTest.csproj", "{FE2F116B-F9EA-4502-8134-91CD352418CC}"
EndProject
Project("{FAE04EC0-301F-11D3-BF4B-00C04F79EFBC}") = "SerializationTest", "SerializationTest\SerializationTest.csproj", "{D3EB71AE-A130-4AE4-9555-B0F140CF9E82}"
EndProject
Project("{FAE04EC0-301F-11D3-BF4B-00C04F79EFBC}") = "AnnonymousMethodTest", "AnnonymousMethodTest\AnnonymousMethodTest.csproj", "{F5F86675-E665-47D6-B5D9-084EB78AE3E3}"
EndProject
Project("{FAE04EC0-301F-11D3-BF4B-00C04F79EFBC}") = "ExtentionMethodTest", "ExtentionMethodTest\ExtentionMethodTest.csproj", "{AC41654C-D287-48CF-A386-CD5B07E5A568}"
EndProject
Project("{FAE04EC0-301F-11D3-BF4B-00C04F79EFBC}") = "AnalyticsTest", "AnalyticsTest\AnalyticsTest.csproj", "{8CC02FBA-084D-4B4A-ABA6-38217D67C5C0}"
EndProject
Project("{FAE04EC0-301F-11D3-BF4B-00C04F79EFBC}") = "CRMTest", "CRMTest\CRMTest.csproj", "{9CA4F386-2348-4142-ADBD-8DD6F628EC20}"
EndProject
Project("{FAE04EC0-301F-11D3-BF4B-00C04F79EFBC}") = "OrderTest", "OrderTest\OrderTest.csproj", "{5AA139D9-302D-4329-A796-0B1D0901C536}"
EndProject
Project("{FAE04EC0-301F-11D3-BF4B-00C04F79EFBC}") = "DisconnectedTest", "DisconnectedTest\DisconnectedTest.csproj", "{B9BFAAB5-6083-4DC5-B32D-92F6B4BBCC9C}"
EndProject
Project("{FAE04EC0-301F-11D3-BF4B-00C04F79EFBC}") = "StudentMongoDBTest", "StudentMongoDBTest\StudentMongoDBTest.csproj", "{D607D08C-CE6F-49F9-ACAB-20BC625569C5}"
EndProject
Project("{FAE04EC0-301F-11D3-BF4B-00C04F79EFBC}") = "RecruitmentApp", "RecruitmentApp\RecruitmentApp.csproj", "{E7F1B856-2150-4799-865F-7A5211239BF0}"
EndProject
Project("{FAE04EC0-301F-11D3-BF4B-00C04F79EFBC}") = "SolidTest", "SolidTest\SolidTest.csproj", "{BA3C1515-174A-42C2-8EA2-EA6A397A236C}"
EndProject
Project("{FAE04EC0-301F-11D3-BF4B-00C04F79EFBC}") = "TransflowerWeb", "TransflowerWeb\TransflowerWeb.csproj", "{C6C10327-77CF-40CF-A5AA-7039822B17AA}"
EndProject
Global
	GlobalSection(SolutionConfigurationPlatforms) = preSolution
		Debug|Any CPU = Debug|Any CPU
		Debug|x64 = Debug|x64
		Debug|x86 = Debug|x86
		Release|Any CPU = Release|Any CPU
		Release|x64 = Release|x64
		Release|x86 = Release|x86
	EndGlobalSection
	GlobalSection(SolutionProperties) = preSolution
		HideSolutionNode = FALSE
	EndGlobalSection
	GlobalSection(ProjectConfigurationPlatforms) = postSolution
		{0D545855-0B93-436E-B212-08C367933089}.Debug|Any CPU.ActiveCfg = Debug|Any CPU
		{0D545855-0B93-436E-B212-08C367933089}.Debug|Any CPU.Build.0 = Debug|Any CPU
		{0D545855-0B93-436E-B212-08C367933089}.Debug|x64.ActiveCfg = Debug|Any CPU
		{0D545855-0B93-436E-B212-08C367933089}.Debug|x64.Build.0 = Debug|Any CPU
		{0D545855-0B93-436E-B212-08C367933089}.Debug|x86.ActiveCfg = Debug|Any CPU
		{0D545855-0B93-436E-B212-08C367933089}.Debug|x86.Build.0 = Debug|Any CPU
		{0D545855-0B93-436E-B212-08C367933089}.Release|Any CPU.ActiveCfg = Release|Any CPU
		{0D545855-0B93-436E-B212-08C367933089}.Release|Any CPU.Build.0 = Release|Any CPU
		{0D545855-0B93-436E-B212-08C367933089}.Release|x64.ActiveCfg = Release|Any CPU
		{0D545855-0B93-436E-B212-08C367933089}.Release|x64.Build.0 = Release|Any CPU
		{0D545855-0B93-436E-B212-08C367933089}.Release|x86.ActiveCfg = Release|Any CPU
		{0D545855-0B93-436E-B212-08C367933089}.Release|x86.Build.0 = Release|Any CPU
		{87AF4349-54CA-4EBB-B012-3D685E7C6D5D}.Debug|Any CPU.ActiveCfg = Debug|Any CPU
		{87AF4349-54CA-4EBB-B012-3D685E7C6D5D}.Debug|Any CPU.Build.0 = Debug|Any CPU
		{87AF4349-54CA-4EBB-B012-3D685E7C6D5D}.Debug|x64.ActiveCfg = Debug|Any CPU
		{87AF4349-54CA-4EBB-B012-3D685E7C6D5D}.Debug|x64.Build.0 = Debug|Any CPU
		{87AF4349-54CA-4EBB-B012-3D685E7C6D5D}.Debug|x86.ActiveCfg = Debug|Any CPU
		{87AF4349-54CA-4EBB-B012-3D685E7C6D5D}.Debug|x86.Build.0 = Debug|Any CPU
		{87AF4349-54CA-4EBB-B012-3D685E7C6D5D}.Release|Any CPU.ActiveCfg = Release|Any CPU
		{87AF4349-54CA-4EBB-B012-3D685E7C6D5D}.Release|Any CPU.Build.0 = Release|Any CPU
		{87AF4349-54CA-4EBB-B012-3D685E7C6D5D}.Release|x64.ActiveCfg = Release|Any CPU
		{87AF4349-54CA-4EBB-B012-3D685E7C6D5D}.Release|x64.Build.0 = Release|Any CPU
		{87AF4349-54CA-4EBB-B012-3D685E7C6D5D}.Release|x86.ActiveCfg = Release|Any CPU
		{87AF4349-54CA-4EBB-B012-3D685E7C6D5D}.Release|x86.Build.0 = Release|Any CPU
		{01078C7E-7C17-46AC-BA5F-39F627F6BC53}.Debug|Any CPU.ActiveCfg = Debug|Any CPU
		{01078C7E-7C17-46AC-BA5F-39F627F6BC53}.Debug|Any CPU.Build.0 = Debug|Any CPU
		{01078C7E-7C17-46AC-BA5F-39F627F6BC53}.Debug|x64.ActiveCfg = Debug|Any CPU
		{01078C7E-7C17-46AC-BA5F-39F627F6BC53}.Debug|x64.Build.0 = Debug|Any CPU
		{01078C7E-7C17-46AC-BA5F-39F627F6BC53}.Debug|x86.ActiveCfg = Debug|Any CPU
		{01078C7E-7C17-46AC-BA5F-39F627F6BC53}.Debug|x86.Build.0 = Debug|Any CPU
		{01078C7E-7C17-46AC-BA5F-39F627F6BC53}.Release|Any CPU.ActiveCfg = Release|Any CPU
		{01078C7E-7C17-46AC-BA5F-39F627F6BC53}.Release|Any CPU.Build.0 = Release|Any CPU
		{01078C7E-7C17-46AC-BA5F-39F627F6BC53}.Release|x64.ActiveCfg = Release|Any CPU
		{01078C7E-7C17-46AC-BA5F-39F627F6BC53}.Release|x64.Build.0 = Release|Any CPU
		{01078C7E-7C17-46AC-BA5F-39F627F6BC53}.Release|x86.ActiveCfg = Release|Any CPU
		{01078C7E-7C17-46AC-BA5F-39F627F6BC53}.Release|x86.Build.0 = Release|Any CPU
		{72AD2AA3-A08B-49CE-9FEF-75BED3A8DD9F}.Debug|Any CPU.ActiveCfg = Debug|Any CPU
		{72AD2AA3-A08B-49CE-9FEF-75BED3A8DD9F}.Debug|Any CPU.Build.0 = Debug|Any CPU
		{72AD2AA3-A08B-49CE-9FEF-75BED3A8DD9F}.Debug|x64.ActiveCfg = Debug|Any CPU
		{72AD2AA3-A08B-49CE-9FEF-75BED3A8DD9F}.Debug|x64.Build.0 = Debug|Any CPU
		{72AD2AA3-A08B-49CE-9FEF-75BED3A8DD9F}.Debug|x86.ActiveCfg = Debug|Any CPU
		{72AD2AA3-A08B-49CE-9FEF-75BED3A8DD9F}.Debug|x86.Build.0 = Debug|Any CPU
		{72AD2AA3-A08B-49CE-9FEF-75BED3A8DD9F}.Release|Any CPU.ActiveCfg = Release|Any CPU
		{72AD2AA3-A08B-49CE-9FEF-75BED3A8DD9F}.Release|Any CPU.Build.0 = Release|Any CPU
		{72AD2AA3-A08B-49CE-9FEF-75BED3A8DD9F}.Release|x64.ActiveCfg = Release|Any CPU
		{72AD2AA3-A08B-49CE-9FEF-75BED3A8DD9F}.Release|x64.Build.0 = Release|Any CPU
		{72AD2AA3-A08B-49CE-9FEF-75BED3A8DD9F}.Release|x86.ActiveCfg = Release|Any CPU
		{72AD2AA3-A08B-49CE-9FEF-75BED3A8DD9F}.Release|x86.Build.0 = Release|Any CPU
		{9CBE0054-A8F4-435A-B336-CBF25A695976}.Debug|Any CPU.ActiveCfg = Debug|Any CPU
		{9CBE0054-A8F4-435A-B336-CBF25A695976}.Debug|Any CPU.Build.0 = Debug|Any CPU
		{9CBE0054-A8F4-435A-B336-CBF25A695976}.Debug|x64.ActiveCfg = Debug|Any CPU
		{9CBE0054-A8F4-435A-B336-CBF25A695976}.Debug|x64.Build.0 = Debug|Any CPU
		{9CBE0054-A8F4-435A-B336-CBF25A695976}.Debug|x86.ActiveCfg = Debug|Any CPU
		{9CBE0054-A8F4-435A-B336-CBF25A695976}.Debug|x86.Build.0 = Debug|Any CPU
		{9CBE0054-A8F4-435A-B336-CBF25A695976}.Release|Any CPU.ActiveCfg = Release|Any CPU
		{9CBE0054-A8F4-435A-B336-CBF25A695976}.Release|Any CPU.Build.0 = Release|Any CPU
		{9CBE0054-A8F4-435A-B336-CBF25A695976}.Release|x64.ActiveCfg = Release|Any CPU
		{9CBE0054-A8F4-435A-B336-CBF25A695976}.Release|x64.Build.0 = Release|Any CPU
		{9CBE0054-A8F4-435A-B336-CBF25A695976}.Release|x86.ActiveCfg = Release|Any CPU
		{9CBE0054-A8F4-435A-B336-CBF25A695976}.Release|x86.Build.0 = Release|Any CPU
		{BE762B41-F621-4E9D-8BC1-E7A856193958}.Debug|Any CPU.ActiveCfg = Debug|Any CPU
		{BE762B41-F621-4E9D-8BC1-E7A856193958}.Debug|Any CPU.Build.0 = Debug|Any CPU
		{BE762B41-F621-4E9D-8BC1-E7A856193958}.Debug|x64.ActiveCfg = Debug|Any CPU
		{BE762B41-F621-4E9D-8BC1-E7A856193958}.Debug|x64.Build.0 = Debug|Any CPU
		{BE762B41-F621-4E9D-8BC1-E7A856193958}.Debug|x86.ActiveCfg = Debug|Any CPU
		{BE762B41-F621-4E9D-8BC1-E7A856193958}.Debug|x86.Build.0 = Debug|Any CPU
		{BE762B41-F621-4E9D-8BC1-E7A856193958}.Release|Any CPU.ActiveCfg = Release|Any CPU
		{BE762B41-F621-4E9D-8BC1-E7A856193958}.Release|Any CPU.Build.0 = Release|Any CPU
		{BE762B41-F621-4E9D-8BC1-E7A856193958}.Release|x64.ActiveCfg = Release|Any CPU
		{BE762B41-F621-4E9D-8BC1-E7A856193958}.Release|x64.Build.0 = Release|Any CPU
		{BE762B41-F621-4E9D-8BC1-E7A856193958}.Release|x86.ActiveCfg = Release|Any CPU
		{BE762B41-F621-4E9D-8BC1-E7A856193958}.Release|x86.Build.0 = Release|Any CPU
		{79F1D173-FC80-4E9D-92AF-40F02D998716}.Debug|Any CPU.ActiveCfg = Debug|Any CPU
		{79F1D173-FC80-4E9D-92AF-40F02D998716}.Debug|Any CPU.Build.0 = Debug|Any CPU
		{79F1D173-FC80-4E9D-92AF-40F02D998716}.Debug|x64.ActiveCfg = Debug|Any CPU
		{79F1D173-FC80-4E9D-92AF-40F02D998716}.Debug|x64.Build.0 = Debug|Any CPU
		{79F1D173-FC80-4E9D-92AF-40F02D998716}.Debug|x86.ActiveCfg = Debug|Any CPU
		{79F1D173-FC80-4E9D-92AF-40F02D998716}.Debug|x86.Build.0 = Debug|Any CPU
		{79F1D173-FC80-4E9D-92AF-40F02D998716}.Release|Any CPU.ActiveCfg = Release|Any CPU
		{79F1D173-FC80-4E9D-92AF-40F02D998716}.Release|Any CPU.Build.0 = Release|Any CPU
		{79F1D173-FC80-4E9D-92AF-40F02D998716}.Release|x64.ActiveCfg = Release|Any CPU
		{79F1D173-FC80-4E9D-92AF-40F02D998716}.Release|x64.Build.0 = Release|Any CPU
		{79F1D173-FC80-4E9D-92AF-40F02D998716}.Release|x86.ActiveCfg = Release|Any CPU
		{79F1D173-FC80-4E9D-92AF-40F02D998716}.Release|x86.Build.0 = Release|Any CPU
		{FE2F116B-F9EA-4502-8134-91CD352418CC}.Debug|Any CPU.ActiveCfg = Debug|Any CPU
		{FE2F116B-F9EA-4502-8134-91CD352418CC}.Debug|Any CPU.Build.0 = Debug|Any CPU
		{FE2F116B-F9EA-4502-8134-91CD352418CC}.Debug|x64.ActiveCfg = Debug|Any CPU
		{FE2F116B-F9EA-4502-8134-91CD352418CC}.Debug|x64.Build.0 = Debug|Any CPU
		{FE2F116B-F9EA-4502-8134-91CD352418CC}.Debug|x86.ActiveCfg = Debug|Any CPU
		{FE2F116B-F9EA-4502-8134-91CD352418CC}.Debug|x86.Build.0 = Debug|Any CPU
		{FE2F116B-F9EA-4502-8134-91CD352418CC}.Release|Any CPU.ActiveCfg = Release|Any CPU
		{FE2F116B-F9EA-4502-8134-91CD352418CC}.Release|Any CPU.Build.0 = Release|Any CPU
		{FE2F116B-F9EA-4502-8134-91CD352418CC}.Release|x64.ActiveCfg = Release|Any CPU
		{FE2F116B-F9EA-4502-8134-91CD352418CC}.Release|x64.Build.0 = Release|Any CPU
		{FE2F116B-F9EA-4502-8134-91CD352418CC}.Release|x86.ActiveCfg = Release|Any CPU
		{FE2F116B-F9EA-4502-8134-91CD352418CC}.Release|x86.Build.0 = Release|Any CPU
		{D3EB71AE-A130-4AE4-9555-B0F140CF9E82}.Debug|Any CPU.ActiveCfg = Debug|Any CPU
		{D3EB71AE-A130-4AE4-9555-B0F140CF9E82}.Debug|Any CPU.Build.0 = Debug|Any CPU
		{D3EB71AE-A130-4AE4-9555-B0F140CF9E82}.Debug|x64.ActiveCfg = Debug|Any CPU
		{D3EB71AE-A130-4AE4-9555-B0F140CF9E82}.Debug|x64.Build.0 = Debug|Any CPU
		{D3EB71AE-A130-4AE4-9555-B0F140CF9E82}.Debug|x86.ActiveCfg = Debug|Any CPU
		{D3EB71AE-A130-4AE4-9555-B0F140CF9E82}.Debug|x86.Build.0 = Debug|Any CPU
		{D3EB71AE-A130-4AE4-9555-B0F140CF9E82}.Release|Any CPU.ActiveCfg = Release|Any CPU
		{D3EB71AE-A130-4AE4-9555-B0F140CF9E82}.Release|Any CPU.Build.0 = Release|Any CPU
		{D3EB71AE-A130-4AE4-9555-B0F140CF9E82}.Release|x64.ActiveCfg = Release|Any CPU
		{D3EB71AE-A130-4AE4-9555-B0F140CF9E82}.Release|x64.Build.0 = Release|Any CPU
		{D3EB71AE-A130-4AE4-9555-B0F140CF9E82}.Release|x86.ActiveCfg = Release|Any CPU
		{D3EB71AE-A130-4AE4-9555-B0F140CF9E82}.Release|x86.Build.0 = Release|Any CPU
		{F5F86675-E665-47D6-B5D9-084EB78AE3E3}.Debug|Any CPU.ActiveCfg = Debug|Any CPU
		{F5F86675-E665-47D6-B5D9-084EB78AE3E3}.Debug|Any CPU.Build.0 = Debug|Any CPU
		{F5F86675-E665-47D6-B5D9-084EB78AE3E3}.Debug|x64.ActiveCfg = Debug|Any CPU
		{F5F86675-E665-47D6-B5D9-084EB78AE3E3}.Debug|x64.Build.0 = Debug|Any CPU
		{F5F86675-E665-47D6-B5D9-084EB78AE3E3}.Debug|x86.ActiveCfg = Debug|Any CPU
		{F5F86675-E665-47D6-B5D9-084EB78AE3E3}.Debug|x86.Build.0 = Debug|Any CPU
		{F5F86675-E665-47D6-B5D9-084EB78AE3E3}.Release|Any CPU.ActiveCfg = Release|Any CPU
		{F5F86675-E665-47D6-B5D9-084EB78AE3E3}.Release|Any CPU.Build.0 = Release|Any CPU
		{F5F86675-E665-47D6-B5D9-084EB78AE3E3}.Release|x64.ActiveCfg = Release|Any CPU
		{F5F86675-E665-47D6-B5D9-084EB78AE3E3}.Release|x64.Build.0 = Release|Any CPU
		{F5F86675-E665-47D6-B5D9-084EB78AE3E3}.Release|x86.ActiveCfg = Release|Any CPU
		{F5F86675-E665-47D6-B5D9-084EB78AE3E3}.Release|x86.Build.0 = Release|Any CPU
		{AC41654C-D287-48CF-A386-CD5B07E5A568}.Debug|Any CPU.ActiveCfg = Debug|Any CPU
		{AC41654C-D287-48CF-A386-CD5B07E5A568}.Debug|Any CPU.Build.0 = Debug|Any CPU
		{AC41654C-D287-48CF-A386-CD5B07E5A568}.Debug|x64.ActiveCfg = Debug|Any CPU
		{AC41654C-D287-48CF-A386-CD5B07E5A568}.Debug|x64.Build.0 = Debug|Any CPU
		{AC41654C-D287-48CF-A386-CD5B07E5A568}.Debug|x86.ActiveCfg = Debug|Any CPU
		{AC41654C-D287-48CF-A386-CD5B07E5A568}.Debug|x86.Build.0 = Debug|Any CPU
		{AC41654C-D287-48CF-A386-CD5B07E5A568}.Release|Any CPU.ActiveCfg = Release|Any CPU
		{AC41654C-D287-48CF-A386-CD5B07E5A568}.Release|Any CPU.Build.0 = Release|Any CPU
		{AC41654C-D287-48CF-A386-CD5B07E5A568}.Release|x64.ActiveCfg = Release|Any CPU
		{AC41654C-D287-48CF-A386-CD5B07E5A568}.Release|x64.Build.0 = Release|Any CPU
		{AC41654C-D287-48CF-A386-CD5B07E5A568}.Release|x86.ActiveCfg = Release|Any CPU
		{AC41654C-D287-48CF-A386-CD5B07E5A568}.Release|x86.Build.0 = Release|Any CPU
		{8CC02FBA-084D-4B4A-ABA6-38217D67C5C0}.Debug|Any CPU.ActiveCfg = Debug|Any CPU
		{8CC02FBA-084D-4B4A-ABA6-38217D67C5C0}.Debug|Any CPU.Build.0 = Debug|Any CPU
		{8CC02FBA-084D-4B4A-ABA6-38217D67C5C0}.Debug|x64.ActiveCfg = Debug|Any CPU
		{8CC02FBA-084D-4B4A-ABA6-38217D67C5C0}.Debug|x64.Build.0 = Debug|Any CPU
		{8CC02FBA-084D-4B4A-ABA6-38217D67C5C0}.Debug|x86.ActiveCfg = Debug|Any CPU
		{8CC02FBA-084D-4B4A-ABA6-38217D67C5C0}.Debug|x86.Build.0 = Debug|Any CPU
		{8CC02FBA-084D-4B4A-ABA6-38217D67C5C0}.Release|Any CPU.ActiveCfg = Release|Any CPU
		{8CC02FBA-084D-4B4A-ABA6-38217D67C5C0}.Release|Any CPU.Build.0 = Release|Any CPU
		{8CC02FBA-084D-4B4A-ABA6-38217D67C5C0}.Release|x64.ActiveCfg = Release|Any CPU
		{8CC02FBA-084D-4B4A-ABA6-38217D67C5C0}.Release|x64.Build.0 = Release|Any CPU
		{8CC02FBA-084D-4B4A-ABA6-38217D67C5C0}.Release|x86.ActiveCfg = Release|Any CPU
		{8CC02FBA-084D-4B4A-ABA6-38217D67C5C0}.Release|x86.Build.0 = Release|Any CPU
		{9CA4F386-2348-4142-ADBD-8DD6F628EC20}.Debug|Any CPU.ActiveCfg = Debug|Any CPU
		{9CA4F386-2348-4142-ADBD-8DD6F628EC20}.Debug|Any CPU.Build.0 = Debug|Any CPU
		{9CA4F386-2348-4142-ADBD-8DD6F628EC20}.Debug|x64.ActiveCfg = Debug|Any CPU
		{9CA4F386-2348-4142-ADBD-8DD6F628EC20}.Debug|x64.Build.0 = Debug|Any CPU
		{9CA4F386-2348-4142-ADBD-8DD6F628EC20}.Debug|x86.ActiveCfg = Debug|Any CPU
		{9CA4F386-2348-4142-ADBD-8DD6F628EC20}.Debug|x86.Build.0 = Debug|Any CPU
		{9CA4F386-2348-4142-ADBD-8DD6F628EC20}.Release|Any CPU.ActiveCfg = Release|Any CPU
		{9CA4F386-2348-4142-ADBD-8DD6F628EC20}.Release|Any CPU.Build.0 = Release|Any CPU
		{9CA4F386-2348-4142-ADBD-8DD6F628EC20}.Release|x64.ActiveCfg = Release|Any CPU
		{9CA4F386-2348-4142-ADBD-8DD6F628EC20}.Release|x64.Build.0 = Release|Any CPU
		{9CA4F386-2348-4142-ADBD-8DD6F628EC20}.Release|x86.ActiveCfg = Release|Any CPU
		{9CA4F386-2348-4142-ADBD-8DD6F628EC20}.Release|x86.Build.0 = Release|Any CPU
		{5AA139D9-302D-4329-A796-0B1D0901C536}.Debug|Any CPU.ActiveCfg = Debug|Any CPU
		{5AA139D9-302D-4329-A796-0B1D0901C536}.Debug|Any CPU.Build.0 = Debug|Any CPU
		{5AA139D9-302D-4329-A796-0B1D0901C536}.Debug|x64.ActiveCfg = Debug|Any CPU
		{5AA139D9-302D-4329-A796-0B1D0901C536}.Debug|x64.Build.0 = Debug|Any CPU
		{5AA139D9-302D-4329-A796-0B1D0901C536}.Debug|x86.ActiveCfg = Debug|Any CPU
		{5AA139D9-302D-4329-A796-0B1D0901C536}.Debug|x86.Build.0 = Debug|Any CPU
		{5AA139D9-302D-4329-A796-0B1D0901C536}.Release|Any CPU.ActiveCfg = Release|Any CPU
		{5AA139D9-302D-4329-A796-0B1D0901C536}.Release|Any CPU.Build.0 = Release|Any CPU
		{5AA139D9-302D-4329-A796-0B1D0901C536}.Release|x64.ActiveCfg = Release|Any CPU
		{5AA139D9-302D-4329-A796-0B1D0901C536}.Release|x64.Build.0 = Release|Any CPU
		{5AA139D9-302D-4329-A796-0B1D0901C536}.Release|x86.ActiveCfg = Release|Any CPU
		{5AA139D9-302D-4329-A796-0B1D0901C536}.Release|x86.Build.0 = Release|Any CPU
		{B9BFAAB5-6083-4DC5-B32D-92F6B4BBCC9C}.Debug|Any CPU.ActiveCfg = Debug|Any CPU
		{B9BFAAB5-6083-4DC5-B32D-92F6B4BBCC9C}.Debug|Any CPU.Build.0 = Debug|Any CPU
		{B9BFAAB5-6083-4DC5-B32D-92F6B4BBCC9C}.Debug|x64.ActiveCfg = Debug|Any CPU
		{B9BFAAB5-6083-4DC5-B32D-92F6B4BBCC9C}.Debug|x64.Build.0 = Debug|Any CPU
		{B9BFAAB5-6083-4DC5-B32D-92F6B4BBCC9C}.Debug|x86.ActiveCfg = Debug|Any CPU
		{B9BFAAB5-6083-4DC5-B32D-92F6B4BBCC9C}.Debug|x86.Build.0 = Debug|Any CPU
		{B9BFAAB5-6083-4DC5-B32D-92F6B4BBCC9C}.Release|Any CPU.ActiveCfg = Release|Any CPU
		{B9BFAAB5-6083-4DC5-B32D-92F6B4BBCC9C}.Release|Any CPU.Build.0 = Release|Any CPU
		{B9BFAAB5-6083-4DC5-B32D-92F6B4BBCC9C}.Release|x64.ActiveCfg = Release|Any CPU
		{B9BFAAB5-6083-4DC5-B32D-92F6B4BBCC9C}.Release|x64.Build.0 = Release|Any CPU
		{B9BFAAB5-6083-4DC5-B32D-92F6B4BBCC9C}.Release|x86.ActiveCfg = Release|Any CPU
		{B9BFAAB5-6083-4DC5-B32D-92F6B4BBCC9C}.Release|x86.Build.0 = Release|Any CPU
		{D607D08C-CE6F-49F9-ACAB-20BC625569C5}.Debug|Any CPU.ActiveCfg = Debug|Any CPU
		{D607D08C-CE6F-49F9-ACAB-20BC625569C5}.Debug|Any CPU.Build.0 = Debug|Any CPU
		{D607D08C-CE6F-49F9-ACAB-20BC625569C5}.Debug|x64.ActiveCfg = Debug|Any CPU
		{D607D08C-CE6F-49F9-ACAB-20BC625569C5}.Debug|x64.Build.0 = Debug|Any CPU
		{D607D08C-CE6F-49F9-ACAB-20BC625569C5}.Debug|x86.ActiveCfg = Debug|Any CPU
		{D607D08C-CE6F-49F9-ACAB-20BC625569C5}.Debug|x86.Build.0 = Debug|Any CPU
		{D607D08C-CE6F-49F9-ACAB-20BC625569C5}.Release|Any CPU.ActiveCfg = Release|Any CPU
		{D607D08C-CE6F-49F9-ACAB-20BC625569C5}.Release|Any CPU.Build.0 = Release|Any CPU
		{D607D08C-CE6F-49F9-ACAB-20BC625569C5}.Release|x64.ActiveCfg = Release|Any CPU
		{D607D08C-CE6F-49F9-ACAB-20BC625569C5}.Release|x64.Build.0 = Release|Any CPU
		{D607D08C-CE6F-49F9-ACAB-20BC625569C5}.Release|x86.ActiveCfg = Release|Any CPU
		{D607D08C-CE6F-49F9-ACAB-20BC625569C5}.Release|x86.Build.0 = Release|Any CPU
		{E7F1B856-2150-4799-865F-7A5211239BF0}.Debug|Any CPU.ActiveCfg = Debug|Any CPU
		{E7F1B856-2150-4799-865F-7A5211239BF0}.Debug|Any CPU.Build.0 = Debug|Any CPU
		{E7F1B856-2150-4799-865F-7A5211239BF0}.Debug|x64.ActiveCfg = Debug|Any CPU
		{E7F1B856-2150-4799-865F-7A5211239BF0}.Debug|x64.Build.0 = Debug|Any CPU
		{E7F1B856-2150-4799-865F-7A5211239BF0}.Debug|x86.ActiveCfg = Debug|Any CPU
		{E7F1B856-2150-4799-865F-7A5211239BF0}.Debug|x86.Build.0 = Debug|Any CPU
		{E7F1B856-2150-4799-865F-7A5211239BF0}.Release|Any CPU.ActiveCfg = Release|Any CPU
		{E7F1B856-2150-4799-865F-7A5211239BF0}.Release|Any CPU.Build.0 = Release|Any CPU
		{E7F1B856-2150-4799-865F-7A5211239BF0}.Release|x64.ActiveCfg = Release|Any CPU
		{E7F1B856-2150-4799-865F-7A5211239BF0}.Release|x64.Build.0 = Release|Any CPU
		{E7F1B856-2150-4799-865F-7A5211239BF0}.Release|x86.ActiveCfg = Release|Any CPU
		{E7F1B856-2150-4799-865F-7A5211239BF0}.Release|x86.Build.0 = Release|Any CPU
		{BA3C1515-174A-42C2-8EA2-EA6A397A236C}.Debug|Any CPU.ActiveCfg = Debug|Any CPU
		{BA3C1515-174A-42C2-8EA2-EA6A397A236C}.Debug|Any CPU.Build.0 = Debug|Any CPU
		{BA3C1515-174A-42C2-8EA2-EA6A397A236C}.Debug|x64.ActiveCfg = Debug|Any CPU
		{BA3C1515-174A-42C2-8EA2-EA6A397A236C}.Debug|x64.Build.0 = Debug|Any CPU
		{BA3C1515-174A-42C2-8EA2-EA6A397A236C}.Debug|x86.ActiveCfg = Debug|Any CPU
		{BA3C1515-174A-42C2-8EA2-EA6A397A236C}.Debug|x86.Build.0 = Debug|Any CPU
		{BA3C1515-174A-42C2-8EA2-EA6A397A236C}.Release|Any CPU.ActiveCfg = Release|Any CPU
		{BA3C1515-174A-42C2-8EA2-EA6A397A236C}.Release|Any CPU.Build.0 = Release|Any CPU
		{BA3C1515-174A-42C2-8EA2-EA6A397A236C}.Release|x64.ActiveCfg = Release|Any CPU
		{BA3C1515-174A-42C2-8EA2-EA6A397A236C}.Release|x64.Build.0 = Release|Any CPU
		{BA3C1515-174A-42C2-8EA2-EA6A397A236C}.Release|x86.ActiveCfg = Release|Any CPU
		{BA3C1515-174A-42C2-8EA2-EA6A397A236C}.Release|x86.Build.0 = Release|Any CPU
		{C6C10327-77CF-40CF-A5AA-7039822B17AA}.Debug|Any CPU.ActiveCfg = Debug|Any CPU
		{C6C10327-77CF-40CF-A5AA-7039822B17AA}.Debug|Any CPU.Build.0 = Debug|Any CPU
		{C6C10327-77CF-40CF-A5AA-7039822B17AA}.Debug|x64.ActiveCfg = Debug|Any CPU
		{C6C10327-77CF-40CF-A5AA-7039822B17AA}.Debug|x64.Build.0 = Debug|Any CPU
		{C6C10327-77CF-40CF-A5AA-7039822B17AA}.Debug|x86.ActiveCfg = Debug|Any CPU
		{C6C10327-77CF-40CF-A5AA-7039822B17AA}.Debug|x86.Build.0 = Debug|Any CPU
		{C6C10327-77CF-40CF-A5AA-7039822B17AA}.Release|Any CPU.ActiveCfg = Release|Any CPU
		{C6C10327-77CF-40CF-A5AA-7039822B17AA}.Release|Any CPU.Build.0 = Release|Any CPU
		{C6C10327-77CF-40CF-A5AA-7039822B17AA}.Release|x64.ActiveCfg = Release|Any CPU
		{C6C10327-77CF-40CF-A5AA-7039822B17AA}.Release|x64.Build.0 = Release|Any CPU
		{C6C10327-77CF-40CF-A5AA-7039822B17AA}.Release|x86.ActiveCfg = Release|Any CPU
		{C6C10327-77CF-40CF-A5AA-7039822B17AA}.Release|x86.Build.0 = Release|Any CPU
	EndGlobalSection
EndGlobal
